
Microsoft Visual Studio Solution File, Format Version 12.00
# Visual Studio 15
VisualStudioVersion = 15.0.26124.0
MinimumVisualStudioVersion = 15.0.26124.0
Project("{FAE04EC0-301F-11D3-BF4B-00C04F79EFBC}") = "Domain", "Domain\Domain.csproj", "{51E8E617-318C-4300-8160-C3797704E4FC}"
EndProject
Project("{FAE04EC0-301F-11D3-BF4B-00C04F79EFBC}") = "Application", "Application\Application.csproj", "{363F6A88-57EC-4A86-8BE1-1AD606BBB346}"
EndProject
Project("{FAE04EC0-301F-11D3-BF4B-00C04F79EFBC}") = "Persistence", "Persistence\Persistence.csproj", "{718E4B49-3678-4DCA-A4FD-3DF6683706B5}"
EndProject
Project("{FAE04EC0-301F-11D3-BF4B-00C04F79EFBC}") = "API", "API\API.csproj", "{D0254ED2-A814-410F-906F-4A894FD40708}"
EndProject
Project("{FAE04EC0-301F-11D3-BF4B-00C04F79EFBC}") = "Infrastructure", "Infrastructure\Infrastructure.csproj", "{F9994249-D508-483D-B521-AF7F821FA137}"
EndProject
Global
	GlobalSection(SolutionConfigurationPlatforms) = preSolution
		Debug|Any CPU = Debug|Any CPU
		Debug|x64 = Debug|x64
		Debug|x86 = Debug|x86
		Release|Any CPU = Release|Any CPU
		Release|x64 = Release|x64
		Release|x86 = Release|x86
	EndGlobalSection
	GlobalSection(SolutionProperties) = preSolution
		HideSolutionNode = FALSE
	EndGlobalSection
	GlobalSection(ProjectConfigurationPlatforms) = postSolution
		{51E8E617-318C-4300-8160-C3797704E4FC}.Debug|Any CPU.ActiveCfg = Debug|Any CPU
		{51E8E617-318C-4300-8160-C3797704E4FC}.Debug|Any CPU.Build.0 = Debug|Any CPU
		{51E8E617-318C-4300-8160-C3797704E4FC}.Debug|x64.ActiveCfg = Debug|Any CPU
		{51E8E617-318C-4300-8160-C3797704E4FC}.Debug|x64.Build.0 = Debug|Any CPU
		{51E8E617-318C-4300-8160-C3797704E4FC}.Debug|x86.ActiveCfg = Debug|Any CPU
		{51E8E617-318C-4300-8160-C3797704E4FC}.Debug|x86.Build.0 = Debug|Any CPU
		{51E8E617-318C-4300-8160-C3797704E4FC}.Release|Any CPU.ActiveCfg = Release|Any CPU
		{51E8E617-318C-4300-8160-C3797704E4FC}.Release|Any CPU.Build.0 = Release|Any CPU
		{51E8E617-318C-4300-8160-C3797704E4FC}.Release|x64.ActiveCfg = Release|Any CPU
		{51E8E617-318C-4300-8160-C3797704E4FC}.Release|x64.Build.0 = Release|Any CPU
		{51E8E617-318C-4300-8160-C3797704E4FC}.Release|x86.ActiveCfg = Release|Any CPU
		{51E8E617-318C-4300-8160-C3797704E4FC}.Release|x86.Build.0 = Release|Any CPU
		{363F6A88-57EC-4A86-8BE1-1AD606BBB346}.Debug|Any CPU.ActiveCfg = Debug|Any CPU
		{363F6A88-57EC-4A86-8BE1-1AD606BBB346}.Debug|Any CPU.Build.0 = Debug|Any CPU
		{363F6A88-57EC-4A86-8BE1-1AD606BBB346}.Debug|x64.ActiveCfg = Debug|Any CPU
		{363F6A88-57EC-4A86-8BE1-1AD606BBB346}.Debug|x64.Build.0 = Debug|Any CPU
		{363F6A88-57EC-4A86-8BE1-1AD606BBB346}.Debug|x86.ActiveCfg = Debug|Any CPU
		{363F6A88-57EC-4A86-8BE1-1AD606BBB346}.Debug|x86.Build.0 = Debug|Any CPU
		{363F6A88-57EC-4A86-8BE1-1AD606BBB346}.Release|Any CPU.ActiveCfg = Release|Any CPU
		{363F6A88-57EC-4A86-8BE1-1AD606BBB346}.Release|Any CPU.Build.0 = Release|Any CPU
		{363F6A88-57EC-4A86-8BE1-1AD606BBB346}.Release|x64.ActiveCfg = Release|Any CPU
		{363F6A88-57EC-4A86-8BE1-1AD606BBB346}.Release|x64.Build.0 = Release|Any CPU
		{363F6A88-57EC-4A86-8BE1-1AD606BBB346}.Release|x86.ActiveCfg = Release|Any CPU
		{363F6A88-57EC-4A86-8BE1-1AD606BBB346}.Release|x86.Build.0 = Release|Any CPU
		{718E4B49-3678-4DCA-A4FD-3DF6683706B5}.Debug|Any CPU.ActiveCfg = Debug|Any CPU
		{718E4B49-3678-4DCA-A4FD-3DF6683706B5}.Debug|Any CPU.Build.0 = Debug|Any CPU
		{718E4B49-3678-4DCA-A4FD-3DF6683706B5}.Debug|x64.ActiveCfg = Debug|Any CPU
		{718E4B49-3678-4DCA-A4FD-3DF6683706B5}.Debug|x64.Build.0 = Debug|Any CPU
		{718E4B49-3678-4DCA-A4FD-3DF6683706B5}.Debug|x86.ActiveCfg = Debug|Any CPU
		{718E4B49-3678-4DCA-A4FD-3DF6683706B5}.Debug|x86.Build.0 = Debug|Any CPU
		{718E4B49-3678-4DCA-A4FD-3DF6683706B5}.Release|Any CPU.ActiveCfg = Release|Any CPU
		{718E4B49-3678-4DCA-A4FD-3DF6683706B5}.Release|Any CPU.Build.0 = Release|Any CPU
		{718E4B49-3678-4DCA-A4FD-3DF6683706B5}.Release|x64.ActiveCfg = Release|Any CPU
		{718E4B49-3678-4DCA-A4FD-3DF6683706B5}.Release|x64.Build.0 = Release|Any CPU
		{718E4B49-3678-4DCA-A4FD-3DF6683706B5}.Release|x86.ActiveCfg = Release|Any CPU
		{718E4B49-3678-4DCA-A4FD-3DF6683706B5}.Release|x86.Build.0 = Release|Any CPU
		{D0254ED2-A814-410F-906F-4A894FD40708}.Debug|Any CPU.ActiveCfg = Debug|Any CPU
		{D0254ED2-A814-410F-906F-4A894FD40708}.Debug|Any CPU.Build.0 = Debug|Any CPU
		{D0254ED2-A814-410F-906F-4A894FD40708}.Debug|x64.ActiveCfg = Debug|Any CPU
		{D0254ED2-A814-410F-906F-4A894FD40708}.Debug|x64.Build.0 = Debug|Any CPU
		{D0254ED2-A814-410F-906F-4A894FD40708}.Debug|x86.ActiveCfg = Debug|Any CPU
		{D0254ED2-A814-410F-906F-4A894FD40708}.Debug|x86.Build.0 = Debug|Any CPU
		{D0254ED2-A814-410F-906F-4A894FD40708}.Release|Any CPU.ActiveCfg = Release|Any CPU
		{D0254ED2-A814-410F-906F-4A894FD40708}.Release|Any CPU.Build.0 = Release|Any CPU
		{D0254ED2-A814-410F-906F-4A894FD40708}.Release|x64.ActiveCfg = Release|Any CPU
		{D0254ED2-A814-410F-906F-4A894FD40708}.Release|x64.Build.0 = Release|Any CPU
		{D0254ED2-A814-410F-906F-4A894FD40708}.Release|x86.ActiveCfg = Release|Any CPU
		{D0254ED2-A814-410F-906F-4A894FD40708}.Release|x86.Build.0 = Release|Any CPU
		{F9994249-D508-483D-B521-AF7F821FA137}.Debug|Any CPU.ActiveCfg = Debug|Any CPU
		{F9994249-D508-483D-B521-AF7F821FA137}.Debug|Any CPU.Build.0 = Debug|Any CPU
		{F9994249-D508-483D-B521-AF7F821FA137}.Debug|x64.ActiveCfg = Debug|Any CPU
		{F9994249-D508-483D-B521-AF7F821FA137}.Debug|x64.Build.0 = Debug|Any CPU
		{F9994249-D508-483D-B521-AF7F821FA137}.Debug|x86.ActiveCfg = Debug|Any CPU
		{F9994249-D508-483D-B521-AF7F821FA137}.Debug|x86.Build.0 = Debug|Any CPU
		{F9994249-D508-483D-B521-AF7F821FA137}.Release|Any CPU.ActiveCfg = Release|Any CPU
		{F9994249-D508-483D-B521-AF7F821FA137}.Release|Any CPU.Build.0 = Release|Any CPU
		{F9994249-D508-483D-B521-AF7F821FA137}.Release|x64.ActiveCfg = Release|Any CPU
		{F9994249-D508-483D-B521-AF7F821FA137}.Release|x64.Build.0 = Release|Any CPU
		{F9994249-D508-483D-B521-AF7F821FA137}.Release|x86.ActiveCfg = Release|Any CPU
		{F9994249-D508-483D-B521-AF7F821FA137}.Release|x86.Build.0 = Release|Any CPU
	EndGlobalSection
EndGlobal
